
Microsoft Visual Studio Solution File, Format Version 12.00
# Visual Studio Version 17
VisualStudioVersion = 17.0.31903.59
MinimumVisualStudioVersion = 10.0.40219.1
Project("{2150E333-8FDC-42A3-9474-1A3956D46DE8}") = "src", "src", "{2A211440-5401-4A6A-813B-F925B6315581}"
EndProject
Project("{FAE04EC0-301F-11D3-BF4B-00C04F79EFBC}") = "WorldCup.Api", "src\WorldCup.Api\WorldCup.Api.csproj", "{843144D0-8A65-4AE2-B241-1C7E79D15975}"
EndProject
Project("{2150E333-8FDC-42A3-9474-1A3956D46DE8}") = "tests", "tests", "{C0E6828E-28D0-4FD6-A3E4-1878C9E5405C}"
EndProject
Project("{FAE04EC0-301F-11D3-BF4B-00C04F79EFBC}") = "WorldCup.Api.Tests", "tests\WorldCup.Api.Tests\WorldCup.Api.Tests.csproj", "{68EFF611-E425-4E5C-8F3F-5C0B7D88E2D4}"
EndProject
Global
	GlobalSection(SolutionConfigurationPlatforms) = preSolution
		Debug|Any CPU = Debug|Any CPU
		Release|Any CPU = Release|Any CPU
	EndGlobalSection
	GlobalSection(SolutionProperties) = preSolution
		HideSolutionNode = FALSE
	EndGlobalSection
	GlobalSection(ProjectConfigurationPlatforms) = postSolution
		{843144D0-8A65-4AE2-B241-1C7E79D15975}.Debug|Any CPU.ActiveCfg = Debug|Any CPU
		{843144D0-8A65-4AE2-B241-1C7E79D15975}.Debug|Any CPU.Build.0 = Debug|Any CPU
		{843144D0-8A65-4AE2-B241-1C7E79D15975}.Release|Any CPU.ActiveCfg = Release|Any CPU
		{843144D0-8A65-4AE2-B241-1C7E79D15975}.Release|Any CPU.Build.0 = Release|Any CPU
		{68EFF611-E425-4E5C-8F3F-5C0B7D88E2D4}.Debug|Any CPU.ActiveCfg = Debug|Any CPU
		{68EFF611-E425-4E5C-8F3F-5C0B7D88E2D4}.Debug|Any CPU.Build.0 = Debug|Any CPU
		{68EFF611-E425-4E5C-8F3F-5C0B7D88E2D4}.Release|Any CPU.ActiveCfg = Release|Any CPU
		{68EFF611-E425-4E5C-8F3F-5C0B7D88E2D4}.Release|Any CPU.Build.0 = Release|Any CPU
	EndGlobalSection
	GlobalSection(NestedProjects) = preSolution
		{843144D0-8A65-4AE2-B241-1C7E79D15975} = {2A211440-5401-4A6A-813B-F925B6315581}
		{68EFF611-E425-4E5C-8F3F-5C0B7D88E2D4} = {C0E6828E-28D0-4FD6-A3E4-1878C9E5405C}
	EndGlobalSection
EndGlobal
